Microsoft Visual Studio Solution File, Format Version 12.00
# Visual Studio Version 17
VisualStudioVersion = 17.5.2.0
MinimumVisualStudioVersion = 10.0.40219.1
Project("{FAE04EC0-301F-11D3-BF4B-00C04F79EFBC}") = "mpesaintergration", "mpesaintergration.csproj", "{67748D3A-B375-82A3-CDA3-155A25FEA440}"
EndProject
Project("{2150E333-8FDC-42A3-9474-1A3956D46DE8}") = "Services", "Services", "{5854FF58-B8C5-05C6-5BF2-ACE42193F22B}"
EndProject
Global
	GlobalSection(SolutionConfigurationPlatforms) = preSolution
		Debug|Any CPU = Debug|Any CPU
		Release|Any CPU = Release|Any CPU
	EndGlobalSection
	GlobalSection(ProjectConfigurationPlatforms) = postSolution
		{67748D3A-B375-82A3-CDA3-155A25FEA440}.Debug|Any CPU.ActiveCfg = Debug|Any CPU
		{67748D3A-B375-82A3-CDA3-155A25FEA440}.Debug|Any CPU.Build.0 = Debug|Any CPU
		{67748D3A-B375-82A3-CDA3-155A25FEA440}.Release|Any CPU.ActiveCfg = Release|Any CPU
		{67748D3A-B375-82A3-CDA3-155A25FEA440}.Release|Any CPU.Build.0 = Release|Any CPU
	EndGlobalSection
	GlobalSection(SolutionProperties) = preSolution
		HideSolutionNode = FALSE
	EndGlobalSection
	GlobalSection(ExtensibilityGlobals) = postSolution
		SolutionGuid = {C73636F7-ADD5-47D1-8E9A-213032E7D27D}
	EndGlobalSection
EndGlobal
